
Microsoft Visual Studio Solution File, Format Version 12.00
# Visual Studio 2012
Project("{FAE04EC0-301F-11D3-BF4B-00C04F79EFBC}") = "Redhotminute.Plugin.iOS.AnimatedTransitions", "Redhotminute-Plugin-iOS-AnimatedTransitions\Redhotminute.Plugin.iOS.AnimatedTransitions.csproj", "{75DE6405-A5C3-43CB-90A2-59044ABA1BD4}"
EndProject
Project("{2150E333-8FDC-42A3-9474-1A3956D46DE8}") = "Solution Items", "Solution Items", "{55ABD802-B006-4771-A0E3-DE1A7C39F3A8}"
	ProjectSection(SolutionItems) = preProject
		..\README.md = ..\README.md
		..\nuget\Redhotminute.Plugin.iOS.AnimatedTransitions.nuspec = ..\nuget\Redhotminute.Plugin.iOS.AnimatedTransitions.nuspec
	EndProjectSection
EndProject
Project("{2150E333-8FDC-42A3-9474-1A3956D46DE8}") = "Samples", "Samples", "{D1F69FC5-4F74-4AEF-ADD4-DAA341C3E4C3}"
EndProject
Project("{2150E333-8FDC-42A3-9474-1A3956D46DE8}") = "MvvmCross5.7.0", "MvvmCross5.7.0", "{526B0A2F-380B-4EB7-9A6D-11133C07E4DD}"
EndProject
Project("{FAE04EC0-301F-11D3-BF4B-00C04F79EFBC}") = "CoolAnimations.iOS", "Samples\CoolAnimations\CoolAnimations.iOS\CoolAnimations.iOS.csproj", "{6B032128-EF8A-41E7-8192-B8FC34E94056}"
EndProject
Project("{FAE04EC0-301F-11D3-BF4B-00C04F79EFBC}") = "CoolAnimations.Core", "Samples\CoolAnimations\CoolAnimations.Core\CoolAnimations.Core.csproj", "{2356C7DA-BF42-4EEB-BB30-C682D0E4F64B}"
EndProject
Global
	GlobalSection(SolutionConfigurationPlatforms) = preSolution
		Debug|Any CPU = Debug|Any CPU
		Release|Any CPU = Release|Any CPU
		Debug|iPhoneSimulator = Debug|iPhoneSimulator
		Release|iPhone = Release|iPhone
		Release|iPhoneSimulator = Release|iPhoneSimulator
		Debug|iPhone = Debug|iPhone
		DebugSample|Any CPU = DebugSample|Any CPU
		DebugSample|iPhoneSimulator = DebugSample|iPhoneSimulator
		DebugSample|iPhone = DebugSample|iPhone
		DebugMvvmCrossSample|Any CPU = DebugMvvmCrossSample|Any CPU
		DebugMvvmCrossSample|iPhoneSimulator = DebugMvvmCrossSample|iPhoneSimulator
		DebugMvvmCrossSample|iPhone = DebugMvvmCrossSample|iPhone
		ReleaseMvvmCrossSample|Any CPU = ReleaseMvvmCrossSample|Any CPU
		ReleaseMvvmCrossSample|iPhoneSimulator = ReleaseMvvmCrossSample|iPhoneSimulator
		ReleaseMvvmCrossSample|iPhone = ReleaseMvvmCrossSample|iPhone
		ReleaseSample|Any CPU = ReleaseSample|Any CPU
		ReleaseSample|iPhoneSimulator = ReleaseSample|iPhoneSimulator
		ReleaseSample|iPhone = ReleaseSample|iPhone
		Ad-Hoc|iPhone = Ad-Hoc|iPhone
		AppStore|iPhone = AppStore|iPhone
	EndGlobalSection
	GlobalSection(ProjectConfigurationPlatforms) = postSolution
		{75DE6405-A5C3-43CB-90A2-59044ABA1BD4}.Debug|Any CPU.ActiveCfg = Debug|Any CPU
		{75DE6405-A5C3-43CB-90A2-59044ABA1BD4}.Debug|Any CPU.Build.0 = Debug|Any CPU
		{75DE6405-A5C3-43CB-90A2-59044ABA1BD4}.Release|Any CPU.ActiveCfg = Release|Any CPU
		{75DE6405-A5C3-43CB-90A2-59044ABA1BD4}.Release|Any CPU.Build.0 = Release|Any CPU
		{75DE6405-A5C3-43CB-90A2-59044ABA1BD4}.Debug|iPhoneSimulator.ActiveCfg = Debug|Any CPU
		{75DE6405-A5C3-43CB-90A2-59044ABA1BD4}.Debug|iPhoneSimulator.Build.0 = Debug|Any CPU
		{75DE6405-A5C3-43CB-90A2-59044ABA1BD4}.Release|iPhone.ActiveCfg = Release|Any CPU
		{75DE6405-A5C3-43CB-90A2-59044ABA1BD4}.Release|iPhone.Build.0 = Release|Any CPU
		{75DE6405-A5C3-43CB-90A2-59044ABA1BD4}.Release|iPhoneSimulator.ActiveCfg = Release|Any CPU
		{75DE6405-A5C3-43CB-90A2-59044ABA1BD4}.Release|iPhoneSimulator.Build.0 = Release|Any CPU
		{75DE6405-A5C3-43CB-90A2-59044ABA1BD4}.Debug|iPhone.ActiveCfg = Debug|Any CPU
		{75DE6405-A5C3-43CB-90A2-59044ABA1BD4}.Debug|iPhone.Build.0 = Debug|Any CPU
		{75DE6405-A5C3-43CB-90A2-59044ABA1BD4}.Ad-Hoc|iPhone.ActiveCfg = Debug|Any CPU
		{75DE6405-A5C3-43CB-90A2-59044ABA1BD4}.Ad-Hoc|iPhone.Build.0 = Debug|Any CPU
		{75DE6405-A5C3-43CB-90A2-59044ABA1BD4}.AppStore|iPhone.ActiveCfg = Debug|Any CPU
		{75DE6405-A5C3-43CB-90A2-59044ABA1BD4}.AppStore|iPhone.Build.0 = Debug|Any CPU
		{6B032128-EF8A-41E7-8192-B8FC34E94056}.Debug|Any CPU.ActiveCfg = Debug|iPhoneSimulator
		{6B032128-EF8A-41E7-8192-B8FC34E94056}.Debug|Any CPU.Build.0 = Debug|iPhoneSimulator
		{6B032128-EF8A-41E7-8192-B8FC34E94056}.Release|Any CPU.ActiveCfg = Release|iPhoneSimulator
		{6B032128-EF8A-41E7-8192-B8FC34E94056}.Release|Any CPU.Build.0 = Release|iPhoneSimulator
		{6B032128-EF8A-41E7-8192-B8FC34E94056}.Debug|iPhoneSimulator.ActiveCfg = Debug|iPhoneSimulator
		{6B032128-EF8A-41E7-8192-B8FC34E94056}.Debug|iPhoneSimulator.Build.0 = Debug|iPhoneSimulator
		{6B032128-EF8A-41E7-8192-B8FC34E94056}.Release|iPhone.ActiveCfg = Release|iPhone
		{6B032128-EF8A-41E7-8192-B8FC34E94056}.Release|iPhone.Build.0 = Release|iPhone
		{6B032128-EF8A-41E7-8192-B8FC34E94056}.Release|iPhoneSimulator.ActiveCfg = Release|iPhoneSimulator
		{6B032128-EF8A-41E7-8192-B8FC34E94056}.Release|iPhoneSimulator.Build.0 = Release|iPhoneSimulator
		{6B032128-EF8A-41E7-8192-B8FC34E94056}.Debug|iPhone.ActiveCfg = Debug|iPhone
		{6B032128-EF8A-41E7-8192-B8FC34E94056}.Debug|iPhone.Build.0 = Debug|iPhone
		{6B032128-EF8A-41E7-8192-B8FC34E94056}.DebugSample|Any CPU.ActiveCfg = Debug|iPhoneSimulator
		{6B032128-EF8A-41E7-8192-B8FC34E94056}.DebugSample|Any CPU.Build.0 = Debug|iPhoneSimulator
		{6B032128-EF8A-41E7-8192-B8FC34E94056}.DebugSample|iPhoneSimulator.ActiveCfg = Debug|iPhoneSimulator
		{6B032128-EF8A-41E7-8192-B8FC34E94056}.DebugSample|iPhoneSimulator.Build.0 = Debug|iPhoneSimulator
		{6B032128-EF8A-41E7-8192-B8FC34E94056}.DebugSample|iPhone.ActiveCfg = Debug|iPhone
		{6B032128-EF8A-41E7-8192-B8FC34E94056}.DebugSample|iPhone.Build.0 = Debug|iPhone
		{6B032128-EF8A-41E7-8192-B8FC34E94056}.DebugMvvmCrossSample|Any CPU.ActiveCfg = Debug|iPhoneSimulator
		{6B032128-EF8A-41E7-8192-B8FC34E94056}.DebugMvvmCrossSample|Any CPU.Build.0 = Debug|iPhoneSimulator
		{6B032128-EF8A-41E7-8192-B8FC34E94056}.DebugMvvmCrossSample|iPhoneSimulator.ActiveCfg = Debug|iPhoneSimulator
		{6B032128-EF8A-41E7-8192-B8FC34E94056}.DebugMvvmCrossSample|iPhoneSimulator.Build.0 = Debug|iPhoneSimulator
		{6B032128-EF8A-41E7-8192-B8FC34E94056}.DebugMvvmCrossSample|iPhone.ActiveCfg = Debug|iPhone
		{6B032128-EF8A-41E7-8192-B8FC34E94056}.DebugMvvmCrossSample|iPhone.Build.0 = Debug|iPhone
		{6B032128-EF8A-41E7-8192-B8FC34E94056}.ReleaseMvvmCrossSample|Any CPU.ActiveCfg = Debug|iPhoneSimulator
		{6B032128-EF8A-41E7-8192-B8FC34E94056}.ReleaseMvvmCrossSample|Any CPU.Build.0 = Debug|iPhoneSimulator
		{6B032128-EF8A-41E7-8192-B8FC34E94056}.ReleaseMvvmCrossSample|iPhoneSimulator.ActiveCfg = Debug|iPhoneSimulator
		{6B032128-EF8A-41E7-8192-B8FC34E94056}.ReleaseMvvmCrossSample|iPhoneSimulator.Build.0 = Debug|iPhoneSimulator
		{6B032128-EF8A-41E7-8192-B8FC34E94056}.ReleaseMvvmCrossSample|iPhone.ActiveCfg = Debug|iPhone
		{6B032128-EF8A-41E7-8192-B8FC34E94056}.ReleaseMvvmCrossSample|iPhone.Build.0 = Debug|iPhone
		{6B032128-EF8A-41E7-8192-B8FC34E94056}.ReleaseSample|Any CPU.ActiveCfg = Debug|iPhoneSimulator
		{6B032128-EF8A-41E7-8192-B8FC34E94056}.ReleaseSample|Any CPU.Build.0 = Debug|iPhoneSimulator
		{6B032128-EF8A-41E7-8192-B8FC34E94056}.ReleaseSample|iPhoneSimulator.ActiveCfg = Debug|iPhoneSimulator
		{6B032128-EF8A-41E7-8192-B8FC34E94056}.ReleaseSample|iPhoneSimulator.Build.0 = Debug|iPhoneSimulator
		{6B032128-EF8A-41E7-8192-B8FC34E94056}.ReleaseSample|iPhone.ActiveCfg = Debug|iPhone
		{6B032128-EF8A-41E7-8192-B8FC34E94056}.ReleaseSample|iPhone.Build.0 = Debug|iPhone
		{6B032128-EF8A-41E7-8192-B8FC34E94056}.Ad-Hoc|iPhone.ActiveCfg = Ad-Hoc|iPhone
		{6B032128-EF8A-41E7-8192-B8FC34E94056}.Ad-Hoc|iPhone.Build.0 = Ad-Hoc|iPhone
		{6B032128-EF8A-41E7-8192-B8FC34E94056}.AppStore|iPhone.ActiveCfg = AppStore|iPhone
		{6B032128-EF8A-41E7-8192-B8FC34E94056}.AppStore|iPhone.Build.0 = AppStore|iPhone
		{2356C7DA-BF42-4EEB-BB30-C682D0E4F64B}.Debug|Any CPU.ActiveCfg = Debug|Any CPU
		{2356C7DA-BF42-4EEB-BB30-C682D0E4F64B}.Debug|Any CPU.Build.0 = Debug|Any CPU
		{2356C7DA-BF42-4EEB-BB30-C682D0E4F64B}.Release|Any CPU.ActiveCfg = Release|Any CPU
		{2356C7DA-BF42-4EEB-BB30-C682D0E4F64B}.Release|Any CPU.Build.0 = Release|Any CPU
		{2356C7DA-BF42-4EEB-BB30-C682D0E4F64B}.Debug|iPhoneSimulator.ActiveCfg = Debug|Any CPU
		{2356C7DA-BF42-4EEB-BB30-C682D0E4F64B}.Debug|iPhoneSimulator.Build.0 = Debug|Any CPU
		{2356C7DA-BF42-4EEB-BB30-C682D0E4F64B}.Release|iPhone.ActiveCfg = Release|Any CPU
		{2356C7DA-BF42-4EEB-BB30-C682D0E4F64B}.Release|iPhone.Build.0 = Release|Any CPU
		{2356C7DA-BF42-4EEB-BB30-C682D0E4F64B}.Release|iPhoneSimulator.ActiveCfg = Release|Any CPU
		{2356C7DA-BF42-4EEB-BB30-C682D0E4F64B}.Release|iPhoneSimulator.Build.0 = Release|Any CPU
		{2356C7DA-BF42-4EEB-BB30-C682D0E4F64B}.Debug|iPhone.ActiveCfg = Debug|Any CPU
		{2356C7DA-BF42-4EEB-BB30-C682D0E4F64B}.Debug|iPhone.Build.0 = Debug|Any CPU
		{2356C7DA-BF42-4EEB-BB30-C682D0E4F64B}.DebugSample|Any CPU.ActiveCfg = Debug|Any CPU
		{2356C7DA-BF42-4EEB-BB30-C682D0E4F64B}.DebugSample|Any CPU.Build.0 = Debug|Any CPU
		{2356C7DA-BF42-4EEB-BB30-C682D0E4F64B}.DebugSample|iPhoneSimulator.ActiveCfg = Debug|Any CPU
		{2356C7DA-BF42-4EEB-BB30-C682D0E4F64B}.DebugSample|iPhoneSimulator.Build.0 = Debug|Any CPU
		{2356C7DA-BF42-4EEB-BB30-C682D0E4F64B}.DebugSample|iPhone.ActiveCfg = Debug|Any CPU
		{2356C7DA-BF42-4EEB-BB30-C682D0E4F64B}.DebugSample|iPhone.Build.0 = Debug|Any CPU
		{2356C7DA-BF42-4EEB-BB30-C682D0E4F64B}.DebugMvvmCrossSample|Any CPU.ActiveCfg = Debug|Any CPU
		{2356C7DA-BF42-4EEB-BB30-C682D0E4F64B}.DebugMvvmCrossSample|Any CPU.Build.0 = Debug|Any CPU
		{2356C7DA-BF42-4EEB-BB30-C682D0E4F64B}.DebugMvvmCrossSample|iPhoneSimulator.ActiveCfg = Debug|Any CPU
		{2356C7DA-BF42-4EEB-BB30-C682D0E4F64B}.DebugMvvmCrossSample|iPhoneSimulator.Build.0 = Debug|Any CPU
		{2356C7DA-BF42-4EEB-BB30-C682D0E4F64B}.DebugMvvmCrossSample|iPhone.ActiveCfg = Debug|Any CPU
		{2356C7DA-BF42-4EEB-BB30-C682D0E4F64B}.DebugMvvmCrossSample|iPhone.Build.0 = Debug|Any CPU
		{2356C7DA-BF42-4EEB-BB30-C682D0E4F64B}.ReleaseMvvmCrossSample|Any CPU.ActiveCfg = Debug|Any CPU
		{2356C7DA-BF42-4EEB-BB30-C682D0E4F64B}.ReleaseMvvmCrossSample|Any CPU.Build.0 = Debug|Any CPU
		{2356C7DA-BF42-4EEB-BB30-C682D0E4F64B}.ReleaseMvvmCrossSample|iPhoneSimulator.ActiveCfg = Debug|Any CPU
		{2356C7DA-BF42-4EEB-BB30-C682D0E4F64B}.ReleaseMvvmCrossSample|iPhoneSimulator.Build.0 = Debug|Any CPU
		{2356C7DA-BF42-4EEB-BB30-C682D0E4F64B}.ReleaseMvvmCrossSample|iPhone.ActiveCfg = Debug|Any CPU
		{2356C7DA-BF42-4EEB-BB30-C682D0E4F64B}.ReleaseMvvmCrossSample|iPhone.Build.0 = Debug|Any CPU
		{2356C7DA-BF42-4EEB-BB30-C682D0E4F64B}.ReleaseSample|Any CPU.ActiveCfg = Debug|Any CPU
		{2356C7DA-BF42-4EEB-BB30-C682D0E4F64B}.ReleaseSample|Any CPU.Build.0 = Debug|Any CPU
		{2356C7DA-BF42-4EEB-BB30-C682D0E4F64B}.ReleaseSample|iPhoneSimulator.ActiveCfg = Debug|Any CPU
		{2356C7DA-BF42-4EEB-BB30-C682D0E4F64B}.ReleaseSample|iPhoneSimulator.Build.0 = Debug|Any CPU
		{2356C7DA-BF42-4EEB-BB30-C682D0E4F64B}.ReleaseSample|iPhone.ActiveCfg = Debug|Any CPU
		{2356C7DA-BF42-4EEB-BB30-C682D0E4F64B}.ReleaseSample|iPhone.Build.0 = Debug|Any CPU
		{2356C7DA-BF42-4EEB-BB30-C682D0E4F64B}.Ad-Hoc|iPhone.ActiveCfg = Release|Any CPU
		{2356C7DA-BF42-4EEB-BB30-C682D0E4F64B}.Ad-Hoc|iPhone.Build.0 = Release|Any CPU
		{2356C7DA-BF42-4EEB-BB30-C682D0E4F64B}.AppStore|iPhone.ActiveCfg = Release|Any CPU
		{2356C7DA-BF42-4EEB-BB30-C682D0E4F64B}.AppStore|iPhone.Build.0 = Release|Any CPU
	EndGlobalSection
	GlobalSection(NestedProjects) = preSolution
		{526B0A2F-380B-4EB7-9A6D-11133C07E4DD} = {D1F69FC5-4F74-4AEF-ADD4-DAA341C3E4C3}
		{6B032128-EF8A-41E7-8192-B8FC34E94056} = {526B0A2F-380B-4EB7-9A6D-11133C07E4DD}
		{2356C7DA-BF42-4EEB-BB30-C682D0E4F64B} = {526B0A2F-380B-4EB7-9A6D-11133C07E4DD}
	EndGlobalSection
EndGlobal
